
Microsoft Visual Studio Solution File, Format Version 12.00
# Visual Studio Version 17
VisualStudioVersion = 17.3.32825.248
MinimumVisualStudioVersion = 10.0.40219.1
Project("{FAE04EC0-301F-11D3-BF4B-00C04F79EFBC}") = "TP05", "TP05.csproj", "{EC67A9F0-C086-4268-9522-213D45084E30}"
EndProject
Global
	GlobalSection(SolutionConfigurationPlatforms) = preSolution
		Debug|Any CPU = Debug|Any CPU
		Release|Any CPU = Release|Any CPU
	EndGlobalSection
	GlobalSection(ProjectConfigurationPlatforms) = postSolution
		{EC67A9F0-C086-4268-9522-213D45084E30}.Debug|Any CPU.ActiveCfg = Debug|Any CPU
		{EC67A9F0-C086-4268-9522-213D45084E30}.Debug|Any CPU.Build.0 = Debug|Any CPU
		{EC67A9F0-C086-4268-9522-213D45084E30}.Release|Any CPU.ActiveCfg = Release|Any CPU
		{EC67A9F0-C086-4268-9522-213D45084E30}.Release|Any CPU.Build.0 = Release|Any CPU
	EndGlobalSection
	GlobalSection(SolutionProperties) = preSolution
		HideSolutionNode = FALSE
	EndGlobalSection
	GlobalSection(ExtensibilityGlobals) = postSolution
		SolutionGuid = {206FB2A3-E074-4E99-9EE5-EB24C2146ADD}
	EndGlobalSection
EndGlobal
